{
  "requires": true,
  "lockfileVersion": 1,
  "dependencies": {
    "axios": {
      "version": "0.21.0",
      "resolved": "https://registry.npm.taobao.org/axios/download/axios-0.21.0.tgz?cache=0&sync_timestamp=1603468826655&other_urls=https%3A%2F%2Fregistry.npm.taobao.org%2Faxios%2Fdownload%2Faxios-0.21.0.tgz",
      "integrity": "sha1-Jt8IiAOiNQ3/LCf5b++Z/klEKso=",
      "requires": {
        "follow-redirects": "^1.10.0"
      }
    },
    "follow-redirects": {
      "version": "1.13.1",
      "resolved": "https://registry.npm.taobao.org/follow-redirects/download/follow-redirects-1.13.1.tgz?cache=0&sync_timestamp=1607916846877&other_urls=https%3A%2F%2Fregistry.npm.taobao.org%2Ffollow-redirects%2Fdownload%2Ffollow-redirects-1.13.1.tgz",
      "integrity": "sha1-X2m4Ezds7k/QR0o6uoNd8Eq3Y7c="
    },
    "vuex": {
      "version": "3.6.0",
      "resolved": "https://registry.npm.taobao.org/vuex/download/vuex-3.6.0.tgz?cache=0&sync_timestamp=1606318199388&other_urls=https%3A%2F%2Fregistry.npm.taobao.org%2Fvuex%2Fdownload%2Fvuex-3.6.0.tgz",
      "integrity": "sha1-le+lalj3YHwTWwUzUIM6CeAaqBM="
    }
  }
}
